
Microsoft Visual Studio Solution File, Format Version 12.00
# Visual Studio 15
VisualStudioVersion = 15.0.28307.421
MinimumVisualStudioVersion = 10.0.40219.1
Project("{FAE04EC0-301F-11D3-BF4B-00C04F79EFBC}") = "ConsoleDriver", "Console\ConsoleDriver.csproj", "{0CE91B17-99F4-42BA-8679-FC4A153742E2}"
EndProject
Project("{FAE04EC0-301F-11D3-BF4B-00C04F79EFBC}") = "Models", "Models\Models.csproj", "{8DFF8F3A-7156-4798-960E-24CFDD016993}"
EndProject
Project("{FAE04EC0-301F-11D3-BF4B-00C04F79EFBC}") = "Screens", "TestScreens\Screens.csproj", "{23DB9C4F-E2CD-4F9C-8018-BD6B1B0AC3AB}"
EndProject
Project("{FAE04EC0-301F-11D3-BF4B-00C04F79EFBC}") = "LexServices", "Services\LexServices.csproj", "{33286957-B797-42E9-908A-438DF3DC5664}"
EndProject
Project("{FAE04EC0-301F-11D3-BF4B-00C04F79EFBC}") = "IPresenters", "IPresenters\IPresenters.csproj", "{F174467B-E928-4C7F-9EC8-C51E79F67A27}"
EndProject
Project("{FAE04EC0-301F-11D3-BF4B-00C04F79EFBC}") = "IViews", "IViews\IViews.csproj", "{A604F731-C361-4DC9-AD08-9173F451C44F}"
EndProject
Project("{FAE04EC0-301F-11D3-BF4B-00C04F79EFBC}") = "Presenters", "Presenters\Presenters.csproj", "{931261FE-223C-47AC-AB46-66EFBD56B716}"
EndProject
Project("{FAE04EC0-301F-11D3-BF4B-00C04F79EFBC}") = "Utilities", "Utilities\Utilities.csproj", "{1A13B1EA-553A-4752-A96A-D354B5FF1DF2}"
EndProject
Project("{FAE04EC0-301F-11D3-BF4B-00C04F79EFBC}") = "Tests", "Tests\Tests.csproj", "{C3FA9722-0EA0-4461-98CD-AF625A01168E}"
EndProject
Global
	GlobalSection(SolutionConfigurationPlatforms) = preSolution
		Debug|Any CPU = Debug|Any CPU
		Debug|x86 = Debug|x86
		Release|Any CPU = Release|Any CPU
		Release|x86 = Release|x86
	EndGlobalSection
	GlobalSection(ProjectConfigurationPlatforms) = postSolution
		{0CE91B17-99F4-42BA-8679-FC4A153742E2}.Debug|Any CPU.ActiveCfg = Debug|Any CPU
		{0CE91B17-99F4-42BA-8679-FC4A153742E2}.Debug|Any CPU.Build.0 = Debug|Any CPU
		{0CE91B17-99F4-42BA-8679-FC4A153742E2}.Debug|x86.ActiveCfg = Debug|Any CPU
		{0CE91B17-99F4-42BA-8679-FC4A153742E2}.Debug|x86.Build.0 = Debug|Any CPU
		{0CE91B17-99F4-42BA-8679-FC4A153742E2}.Release|Any CPU.ActiveCfg = Release|Any CPU
		{0CE91B17-99F4-42BA-8679-FC4A153742E2}.Release|Any CPU.Build.0 = Release|Any CPU
		{0CE91B17-99F4-42BA-8679-FC4A153742E2}.Release|x86.ActiveCfg = Release|Any CPU
		{0CE91B17-99F4-42BA-8679-FC4A153742E2}.Release|x86.Build.0 = Release|Any CPU
		{8DFF8F3A-7156-4798-960E-24CFDD016993}.Debug|Any CPU.ActiveCfg = Debug|Any CPU
		{8DFF8F3A-7156-4798-960E-24CFDD016993}.Debug|Any CPU.Build.0 = Debug|Any CPU
		{8DFF8F3A-7156-4798-960E-24CFDD016993}.Debug|x86.ActiveCfg = Debug|Any CPU
		{8DFF8F3A-7156-4798-960E-24CFDD016993}.Debug|x86.Build.0 = Debug|Any CPU
		{8DFF8F3A-7156-4798-960E-24CFDD016993}.Release|Any CPU.ActiveCfg = Release|Any CPU
		{8DFF8F3A-7156-4798-960E-24CFDD016993}.Release|Any CPU.Build.0 = Release|Any CPU
		{8DFF8F3A-7156-4798-960E-24CFDD016993}.Release|x86.ActiveCfg = Release|Any CPU
		{8DFF8F3A-7156-4798-960E-24CFDD016993}.Release|x86.Build.0 = Release|Any CPU
		{23DB9C4F-E2CD-4F9C-8018-BD6B1B0AC3AB}.Debug|Any CPU.ActiveCfg = Debug|Any CPU
		{23DB9C4F-E2CD-4F9C-8018-BD6B1B0AC3AB}.Debug|Any CPU.Build.0 = Debug|Any CPU
		{23DB9C4F-E2CD-4F9C-8018-BD6B1B0AC3AB}.Debug|x86.ActiveCfg = Debug|Any CPU
		{23DB9C4F-E2CD-4F9C-8018-BD6B1B0AC3AB}.Debug|x86.Build.0 = Debug|Any CPU
		{23DB9C4F-E2CD-4F9C-8018-BD6B1B0AC3AB}.Release|Any CPU.ActiveCfg = Release|Any CPU
		{23DB9C4F-E2CD-4F9C-8018-BD6B1B0AC3AB}.Release|Any CPU.Build.0 = Release|Any CPU
		{23DB9C4F-E2CD-4F9C-8018-BD6B1B0AC3AB}.Release|x86.ActiveCfg = Release|Any CPU
		{23DB9C4F-E2CD-4F9C-8018-BD6B1B0AC3AB}.Release|x86.Build.0 = Release|Any CPU
		{33286957-B797-42E9-908A-438DF3DC5664}.Debug|Any CPU.ActiveCfg = Debug|Any CPU
		{33286957-B797-42E9-908A-438DF3DC5664}.Debug|Any CPU.Build.0 = Debug|Any CPU
		{33286957-B797-42E9-908A-438DF3DC5664}.Debug|x86.ActiveCfg = Debug|Any CPU
		{33286957-B797-42E9-908A-438DF3DC5664}.Debug|x86.Build.0 = Debug|Any CPU
		{33286957-B797-42E9-908A-438DF3DC5664}.Release|Any CPU.ActiveCfg = Release|Any CPU
		{33286957-B797-42E9-908A-438DF3DC5664}.Release|Any CPU.Build.0 = Release|Any CPU
		{33286957-B797-42E9-908A-438DF3DC5664}.Release|x86.ActiveCfg = Release|Any CPU
		{33286957-B797-42E9-908A-438DF3DC5664}.Release|x86.Build.0 = Release|Any CPU
		{F174467B-E928-4C7F-9EC8-C51E79F67A27}.Debug|Any CPU.ActiveCfg = Debug|Any CPU
		{F174467B-E928-4C7F-9EC8-C51E79F67A27}.Debug|Any CPU.Build.0 = Debug|Any CPU
		{F174467B-E928-4C7F-9EC8-C51E79F67A27}.Debug|x86.ActiveCfg = Debug|Any CPU
		{F174467B-E928-4C7F-9EC8-C51E79F67A27}.Debug|x86.Build.0 = Debug|Any CPU
		{F174467B-E928-4C7F-9EC8-C51E79F67A27}.Release|Any CPU.ActiveCfg = Release|Any CPU
		{F174467B-E928-4C7F-9EC8-C51E79F67A27}.Release|Any CPU.Build.0 = Release|Any CPU
		{F174467B-E928-4C7F-9EC8-C51E79F67A27}.Release|x86.ActiveCfg = Release|Any CPU
		{F174467B-E928-4C7F-9EC8-C51E79F67A27}.Release|x86.Build.0 = Release|Any CPU
		{A604F731-C361-4DC9-AD08-9173F451C44F}.Debug|Any CPU.ActiveCfg = Debug|Any CPU
		{A604F731-C361-4DC9-AD08-9173F451C44F}.Debug|Any CPU.Build.0 = Debug|Any CPU
		{A604F731-C361-4DC9-AD08-9173F451C44F}.Debug|x86.ActiveCfg = Debug|Any CPU
		{A604F731-C361-4DC9-AD08-9173F451C44F}.Debug|x86.Build.0 = Debug|Any CPU
		{A604F731-C361-4DC9-AD08-9173F451C44F}.Release|Any CPU.ActiveCfg = Release|Any CPU
		{A604F731-C361-4DC9-AD08-9173F451C44F}.Release|Any CPU.Build.0 = Release|Any CPU
		{A604F731-C361-4DC9-AD08-9173F451C44F}.Release|x86.ActiveCfg = Release|Any CPU
		{A604F731-C361-4DC9-AD08-9173F451C44F}.Release|x86.Build.0 = Release|Any CPU
		{931261FE-223C-47AC-AB46-66EFBD56B716}.Debug|Any CPU.ActiveCfg = Debug|Any CPU
		{931261FE-223C-47AC-AB46-66EFBD56B716}.Debug|Any CPU.Build.0 = Debug|Any CPU
		{931261FE-223C-47AC-AB46-66EFBD56B716}.Debug|x86.ActiveCfg = Debug|Any CPU
		{931261FE-223C-47AC-AB46-66EFBD56B716}.Debug|x86.Build.0 = Debug|Any CPU
		{931261FE-223C-47AC-AB46-66EFBD56B716}.Release|Any CPU.ActiveCfg = Release|Any CPU
		{931261FE-223C-47AC-AB46-66EFBD56B716}.Release|Any CPU.Build.0 = Release|Any CPU
		{931261FE-223C-47AC-AB46-66EFBD56B716}.Release|x86.ActiveCfg = Release|Any CPU
		{931261FE-223C-47AC-AB46-66EFBD56B716}.Release|x86.Build.0 = Release|Any CPU
		{1A13B1EA-553A-4752-A96A-D354B5FF1DF2}.Debug|Any CPU.ActiveCfg = Debug|Any CPU
		{1A13B1EA-553A-4752-A96A-D354B5FF1DF2}.Debug|Any CPU.Build.0 = Debug|Any CPU
		{1A13B1EA-553A-4752-A96A-D354B5FF1DF2}.Debug|x86.ActiveCfg = Debug|Any CPU
		{1A13B1EA-553A-4752-A96A-D354B5FF1DF2}.Debug|x86.Build.0 = Debug|Any CPU
		{1A13B1EA-553A-4752-A96A-D354B5FF1DF2}.Release|Any CPU.ActiveCfg = Release|Any CPU
		{1A13B1EA-553A-4752-A96A-D354B5FF1DF2}.Release|Any CPU.Build.0 = Release|Any CPU
		{1A13B1EA-553A-4752-A96A-D354B5FF1DF2}.Release|x86.ActiveCfg = Release|Any CPU
		{1A13B1EA-553A-4752-A96A-D354B5FF1DF2}.Release|x86.Build.0 = Release|Any CPU
		{C3FA9722-0EA0-4461-98CD-AF625A01168E}.Debug|Any CPU.ActiveCfg = Debug|Any CPU
		{C3FA9722-0EA0-4461-98CD-AF625A01168E}.Debug|Any CPU.Build.0 = Debug|Any CPU
		{C3FA9722-0EA0-4461-98CD-AF625A01168E}.Debug|x86.ActiveCfg = Debug|Any CPU
		{C3FA9722-0EA0-4461-98CD-AF625A01168E}.Debug|x86.Build.0 = Debug|Any CPU
		{C3FA9722-0EA0-4461-98CD-AF625A01168E}.Release|Any CPU.ActiveCfg = Release|Any CPU
		{C3FA9722-0EA0-4461-98CD-AF625A01168E}.Release|Any CPU.Build.0 = Release|Any CPU
		{C3FA9722-0EA0-4461-98CD-AF625A01168E}.Release|x86.ActiveCfg = Release|Any CPU
		{C3FA9722-0EA0-4461-98CD-AF625A01168E}.Release|x86.Build.0 = Release|Any CPU
	EndGlobalSection
	GlobalSection(SolutionProperties) = preSolution
		HideSolutionNode = FALSE
	EndGlobalSection
	GlobalSection(ExtensibilityGlobals) = postSolution
		SolutionGuid = {AECB828B-EDB6-40D4-9E69-0E6D39540B0A}
	EndGlobalSection
EndGlobal
